test:
  cmd: ^
  deps:
  - path: data/data
    md5: bf1a6a19059092be578a3807608e236c.dir
    size: 93081
    nfiles: 3
  - path: src/kitchen_sink/test.py
    md5: 73eae8b1fa95329b887fbb32ed2d8a5e
    size: 27
  outs:
  - path: data/feature
    md5: 2d2dd2fa229f9c84fc1ae86cf71ff1ee.dir
    size: 43933
    nfiles: 2
feature:
  cmd: python src/kitchen_sink/featurize.py data/data data/feature
  deps:
  - path: data/data
    md5: bf1a6a19059092be578a3807608e236c.dir
    size: 93081
    nfiles: 3
  - path: src/kitchen_sink/featurize.py
    md5: efc13f68416e9a6c8ea4bf3a747e09a7
    size: 2111
  params:
    params.yaml:
      ft.n_neigh: 2
  outs:
  - path: data/feature
    md5: 2d2dd2fa229f9c84fc1ae86cf71ff1ee.dir
    size: 43933
    nfiles: 2
train:
  cmd: python src/kitchen_sink/train.py data/feature data/model score.json
  deps:
  - path: data/feature
    md5: 2d2dd2fa229f9c84fc1ae86cf71ff1ee.dir
    size: 43933
    nfiles: 2
  - path: src/kitchen_sink/train.py
    md5: bcf075d8633dbe29e020f4e86126b614
    size: 2514
  params:
    params.yaml:
      train.split: 0.2
  outs:
  - path: data/model
    md5: e021c8ee52a7118881c3cbdd0a8f7919.dir
    size: 327409
    nfiles: 2
  - path: score.json
    md5: 74ff59b9407cec7dae6e24eb8eb459c5
    size: 261
